
Microsoft Visual Studio Solution File, Format Version 9.00
# Visual Studio 2005
Project("{FAE04EC0-301F-11D3-BF4B-00C04F79EFBC}") = "EndpointSystems.BizTalk.ShoBiz", "EPS.Libraries.ShoBiz\EndpointSystems.BizTalk.ShoBiz.csproj", "{4810A887-CD39-4472-A9DB-C88DAEE77EF9}"
EndProject
Project("{FAE04EC0-301F-11D3-BF4B-00C04F79EFBC}") = "ShoBiz.Test", "ShoBiz.Test\ShoBiz.Test.csproj", "{F37A916E-E3A5-4AA0-8A0A-D94796C33CBE}"
EndProject
Project("{FAE04EC0-301F-11D3-BF4B-00C04F79EFBC}") = "EndpointSystems.OrchestrationLibrary", "..\Orchestration\OrchestrationLibrary\OrchestrationLibrary\EndpointSystems.OrchestrationLibrary.csproj", "{0D3731A9-02C6-447F-A260-4AEEC4B64F8C}"
EndProject
Project("{FAE04EC0-301F-11D3-BF4B-00C04F79EFBC}") = "ShoBizUI", "ShoBizUI\ShoBizUI.csproj", "{B3FD0A97-DD6A-4AAE-835F-C367CB6BF871}"
EndProject
Project("{54435603-DBB4-11D2-8724-00A0C9A8B90C}") = "ShoBiz", "ShoBiz\ShoBiz.vdproj", "{9C555BFC-B029-4CFD-8F17-AB3049E9F613}"
EndProject
Global
	GlobalSection(SolutionConfigurationPlatforms) = preSolution
		Debug|Any CPU = Debug|Any CPU
		Release|Any CPU = Release|Any CPU
	EndGlobalSection
	GlobalSection(ProjectConfigurationPlatforms) = postSolution
		{4810A887-CD39-4472-A9DB-C88DAEE77EF9}.Debug|Any CPU.ActiveCfg = Debug|Any CPU
		{4810A887-CD39-4472-A9DB-C88DAEE77EF9}.Debug|Any CPU.Build.0 = Debug|Any CPU
		{4810A887-CD39-4472-A9DB-C88DAEE77EF9}.Release|Any CPU.ActiveCfg = Release|Any CPU
		{4810A887-CD39-4472-A9DB-C88DAEE77EF9}.Release|Any CPU.Build.0 = Release|Any CPU
		{F37A916E-E3A5-4AA0-8A0A-D94796C33CBE}.Debug|Any CPU.ActiveCfg = Debug|Any CPU
		{F37A916E-E3A5-4AA0-8A0A-D94796C33CBE}.Debug|Any CPU.Build.0 = Debug|Any CPU
		{F37A916E-E3A5-4AA0-8A0A-D94796C33CBE}.Release|Any CPU.ActiveCfg = Release|Any CPU
		{F37A916E-E3A5-4AA0-8A0A-D94796C33CBE}.Release|Any CPU.Build.0 = Release|Any CPU
		{0D3731A9-02C6-447F-A260-4AEEC4B64F8C}.Debug|Any CPU.ActiveCfg = Debug|Any CPU
		{0D3731A9-02C6-447F-A260-4AEEC4B64F8C}.Debug|Any CPU.Build.0 = Debug|Any CPU
		{0D3731A9-02C6-447F-A260-4AEEC4B64F8C}.Release|Any CPU.ActiveCfg = Release|Any CPU
		{0D3731A9-02C6-447F-A260-4AEEC4B64F8C}.Release|Any CPU.Build.0 = Release|Any CPU
		{B3FD0A97-DD6A-4AAE-835F-C367CB6BF871}.Debug|Any CPU.ActiveCfg = Debug|Any CPU
		{B3FD0A97-DD6A-4AAE-835F-C367CB6BF871}.Debug|Any CPU.Build.0 = Debug|Any CPU
		{B3FD0A97-DD6A-4AAE-835F-C367CB6BF871}.Release|Any CPU.ActiveCfg = Release|Any CPU
		{B3FD0A97-DD6A-4AAE-835F-C367CB6BF871}.Release|Any CPU.Build.0 = Release|Any CPU
		{9C555BFC-B029-4CFD-8F17-AB3049E9F613}.Debug|Any CPU.ActiveCfg = Debug
		{9C555BFC-B029-4CFD-8F17-AB3049E9F613}.Release|Any CPU.ActiveCfg = Release
		{9C555BFC-B029-4CFD-8F17-AB3049E9F613}.Release|Any CPU.Build.0 = Release
	EndGlobalSection
	GlobalSection(SolutionProperties) = preSolution
		HideSolutionNode = FALSE
	EndGlobalSection
EndGlobal
