
Microsoft Visual Studio Solution File, Format Version 9.00
# Visual Studio 2005
Project("{FAE04EC0-301F-11D3-BF4B-00C04F79EFBC}") = "EndpointSystems.BizTalk.ShoBiz", "EPS.Libraries.ShoBiz\EndpointSystems.BizTalk.ShoBiz.csproj", "{4810A887-CD39-4472-A9DB-C88DAEE77EF9}"
EndProject
Project("{FAE04EC0-301F-11D3-BF4B-00C04F79EFBC}") = "ShoBiz.Test", "ShoBiz.Test\ShoBiz.Test.csproj", "{F37A916E-E3A5-4AA0-8A0A-D94796C33CBE}"
EndProject
Project("{FAE04EC0-301F-11D3-BF4B-00C04F79EFBC}") = "ShoBizUI", "ShoBizUI\ShoBizUI.csproj", "{B3FD0A97-DD6A-4AAE-835F-C367CB6BF871}"
EndProject
Project("{54435603-DBB4-11D2-8724-00A0C9A8B90C}") = "ShoBiz", "ShoBiz\ShoBiz.vdproj", "{9C555BFC-B029-4CFD-8F17-AB3049E9F613}"
EndProject
Global
	GlobalSection(SolutionConfigurationPlatforms) = preSolution
		Debug|x86 = Debug|x86
		Release|x86 = Release|x86
	EndGlobalSection
	GlobalSection(ProjectConfigurationPlatforms) = postSolution
		{4810A887-CD39-4472-A9DB-C88DAEE77EF9}.Debug|x86.ActiveCfg = Debug|x86
		{4810A887-CD39-4472-A9DB-C88DAEE77EF9}.Debug|x86.Build.0 = Debug|x86
		{4810A887-CD39-4472-A9DB-C88DAEE77EF9}.Release|x86.ActiveCfg = Release|x86
		{4810A887-CD39-4472-A9DB-C88DAEE77EF9}.Release|x86.Build.0 = Release|x86
		{F37A916E-E3A5-4AA0-8A0A-D94796C33CBE}.Debug|x86.ActiveCfg = Debug|x86
		{F37A916E-E3A5-4AA0-8A0A-D94796C33CBE}.Debug|x86.Build.0 = Debug|x86
		{F37A916E-E3A5-4AA0-8A0A-D94796C33CBE}.Release|x86.ActiveCfg = Release|x86
		{F37A916E-E3A5-4AA0-8A0A-D94796C33CBE}.Release|x86.Build.0 = Release|x86
		{B3FD0A97-DD6A-4AAE-835F-C367CB6BF871}.Debug|x86.ActiveCfg = Debug|x86
		{B3FD0A97-DD6A-4AAE-835F-C367CB6BF871}.Debug|x86.Build.0 = Debug|x86
		{B3FD0A97-DD6A-4AAE-835F-C367CB6BF871}.Release|x86.ActiveCfg = Release|x86
		{B3FD0A97-DD6A-4AAE-835F-C367CB6BF871}.Release|x86.Build.0 = Release|x86
		{9C555BFC-B029-4CFD-8F17-AB3049E9F613}.Debug|x86.ActiveCfg = Debug
		{9C555BFC-B029-4CFD-8F17-AB3049E9F613}.Debug|x86.Build.0 = Debug
		{9C555BFC-B029-4CFD-8F17-AB3049E9F613}.Release|x86.ActiveCfg = Release
		{9C555BFC-B029-4CFD-8F17-AB3049E9F613}.Release|x86.Build.0 = Release
	EndGlobalSection
	GlobalSection(SolutionProperties) = preSolution
		HideSolutionNode = FALSE
	EndGlobalSection
EndGlobal
